// !$*UTF8*$!
{
	archiveVersion = 1;
	classes = {
	};
	objectVersion = 51;
	objects = {

/* Begin PBXBuildFile section */
		0FF702943FBA185EC9BA5BE2 /* Pods_EQueoTest.framework in Frameworks */ = {isa = PBXBuildFile; fileRef = 7418A57A0EC9D7EFCF8C70A4 /* Pods_EQueoTest.framework */; };
		2C3BC45B22F4ABA400464512 /* PhotoCollectionViewController.swift in Sources */ = {isa = PBXBuildFile; fileRef = 2C3BC45A22F4ABA400464512 /* PhotoCollectionViewController.swift */; };
		2CA0C30F22F5D49B003735A7 /* Photo.swift in Sources */ = {isa = PBXBuildFile; fileRef = 2CA0C30E22F5D49B003735A7 /* Photo.swift */; };
		2CA0C31322F5D80A003735A7 /* PhotoCell.swift in Sources */ = {isa = PBXBuildFile; fileRef = 2CA0C31222F5D80A003735A7 /* PhotoCell.swift */; };
		2CA0C31522F6F855003735A7 /* PhotoService.swift in Sources */ = {isa = PBXBuildFile; fileRef = 2CA0C31422F6F855003735A7 /* PhotoService.swift */; };
		2CC18F6D22F33D3C00DB7AFC /* AppDelegate.swift in Sources */ = {isa = PBXBuildFile; fileRef = 2CC18F6C22F33D3C00DB7AFC /* AppDelegate.swift */; };
		2CC18F7222F33D3C00DB7AFC /* Main.storyboard in Resources */ = {isa = PBXBuildFile; fileRef = 2CC18F7022F33D3C00DB7AFC /* Main.storyboard */; };
		2CC18F7522F33D3C00DB7AFC /* EQueoTest.xcdatamodeld in Sources */ = {isa = PBXBuildFile; fileRef = 2CC18F7322F33D3C00DB7AFC /* EQueoTest.xcdatamodeld */; };
		2CC18F7722F33D4D00DB7AFC /* Assets.xcassets in Resources */ = {isa = PBXBuildFile; fileRef = 2CC18F7622F33D4D00DB7AFC /* Assets.xcassets */; };
		2CC18F7A22F33D4D00DB7AFC /* LaunchScreen.storyboard in Resources */ = {isa = PBXBuildFile; fileRef = 2CC18F7822F33D4D00DB7AFC /* LaunchScreen.storyboard */; };
		2CD0B12022FB7E4300AE1A44 /* PhotoCustomLayout.swift in Sources */ = {isa = PBXBuildFile; fileRef = 2CD0B11F22FB7E4300AE1A44 /* PhotoCustomLayout.swift */; };
/* End PBXBuildFile section */

/* Begin PBXFileReference section */
		060DD2C566C9CAA614224255 /* Pods-EQueoTest.release.xcconfig */ = {isa = PBXFileReference; includeInIndex = 1; lastKnownFileType = text.xcconfig; name = "Pods-EQueoTest.release.xcconfig"; path = "Target Support Files/Pods-EQueoTest/Pods-EQueoTest.release.xcconfig"; sourceTree = "<group>"; };
		2C3BC45A22F4ABA400464512 /* PhotoCollectionViewController.swift */ = {isa = PBXFileReference; lastKnownFileType = sourcecode.swift; path = PhotoCollectionViewController.swift; sourceTree = "<group>"; };
		2CA0C30E22F5D49B003735A7 /* Photo.swift */ = {isa = PBXFileReference; lastKnownFileType = sourcecode.swift; path = Photo.swift; sourceTree = "<group>"; };
		2CA0C31222F5D80A003735A7 /* PhotoCell.swift */ = {isa = PBXFileReference; lastKnownFileType = sourcecode.swift; path = PhotoCell.swift; sourceTree = "<group>"; };
		2CA0C31422F6F855003735A7 /* PhotoService.swift */ = {isa = PBXFileReference; lastKnownFileType = sourcecode.swift; path = PhotoService.swift; sourceTree = "<group>"; };
		2CC18F6922F33D3C00DB7AFC /* EQueoTest.app */ = {isa = PBXFileReference; explicitFileType = wrapper.application; includeInIndex = 0; path = EQueoTest.app; sourceTree = BUILT_PRODUCTS_DIR; };
		2CC18F6C22F33D3C00DB7AFC /* AppDelegate.swift */ = {isa = PBXFileReference; lastKnownFileType = sourcecode.swift; path = AppDelegate.swift; sourceTree = "<group>"; };
		2CC18F7122F33D3C00DB7AFC /* Base */ = {isa = PBXFileReference; lastKnownFileType = file.storyboard; name = Base; path = Base.lproj/Main.storyboard; sourceTree = "<group>"; };
		2CC18F7422F33D3C00DB7AFC /* EQueoTest.xcdatamodel */ = {isa = PBXFileReference; lastKnownFileType = wrapper.xcdatamodel; path = EQueoTest.xcdatamodel; sourceTree = "<group>"; };
		2CC18F7622F33D4D00DB7AFC /* Assets.xcassets */ = {isa = PBXFileReference; lastKnownFileType = folder.assetcatalog; path = Assets.xcassets; sourceTree = "<group>"; };
		2CC18F7922F33D4D00DB7AFC /* Base */ = {isa = PBXFileReference; lastKnownFileType = file.storyboard; name = Base; path = Base.lproj/LaunchScreen.storyboard; sourceTree = "<group>"; };
		2CC18F7B22F33D4D00DB7AFC /* Info.plist */ = {isa = PBXFileReference; lastKnownFileType = text.plist.xml; path = Info.plist; sourceTree = "<group>"; };
		2CD0B11F22FB7E4300AE1A44 /* PhotoCustomLayout.swift */ = {isa = PBXFileReference; lastKnownFileType = sourcecode.swift; path = PhotoCustomLayout.swift; sourceTree = "<group>"; };
		3065308CD2019C98AFBEA28D /* Pods-EQueoTest.debug.xcconfig */ = {isa = PBXFileReference; includeInIndex = 1; lastKnownFileType = text.xcconfig; name = "Pods-EQueoTest.debug.xcconfig"; path = "Target Support Files/Pods-EQueoTest/Pods-EQueoTest.debug.xcconfig"; sourceTree = "<group>"; };
		7418A57A0EC9D7EFCF8C70A4 /* Pods_EQueoTest.framework */ = {isa = PBXFileReference; explicitFileType = wrapper.framework; includeInIndex = 0; path = Pods_EQueoTest.framework; sourceTree = BUILT_PRODUCTS_DIR; };
/* End PBXFileReference section */

/* Begin PBXFrameworksBuildPhase section */
		2CC18F6622F33D3C00DB7AFC /* Frameworks */ = {
			isa = PBXFrameworksBuildPhase;
			buildActionMask = 2147483647;
			files = (
				0FF702943FBA185EC9BA5BE2 /* Pods_EQueoTest.framework in Frameworks */,
			);
			runOnlyForDeploymentPostprocessing = 0;
		};
/* End PBXFrameworksBuildPhase section */

/* Begin PBXGroup section */
		2CC18F6022F33D3B00DB7AFC = {
			isa = PBXGroup;
			children = (
				2CC18F6B22F33D3C00DB7AFC /* EQueoTest */,
				2CC18F6A22F33D3C00DB7AFC /* Products */,
				7C8C5F62171B8ED048030488 /* Pods */,
				77FD6543E95A83DBBAB2E41F /* Frameworks */,
			);
			sourceTree = "<group>";
		};
		2CC18F6A22F33D3C00DB7AFC /* Products */ = {
			isa = PBXGroup;
			children = (
				2CC18F6922F33D3C00DB7AFC /* EQueoTest.app */,
			);
			name = Products;
			sourceTree = "<group>";
		};
		2CC18F6B22F33D3C00DB7AFC /* EQueoTest */ = {
			isa = PBXGroup;
			children = (
				2CC18F6C22F33D3C00DB7AFC /* AppDelegate.swift */,
				2CC18F7B22F33D4D00DB7AFC /* Info.plist */,
				2CD0B11E22FB7B5A00AE1A44 /* Networking */,
				2CD0B11C22FB7B3700AE1A44 /* Assets */,
				2CD0B11B22FB7AB800AE1A44 /* Model */,
				2CD0B11A22FB7AA500AE1A44 /* Controller */,
				2CD0B11922FB7A8A00AE1A44 /* View */,
				2CD0B11822FB7A6000AE1A44 /* Layout */,
			);
			path = EQueoTest;
			sourceTree = "<group>";
		};
		2CD0B11822FB7A6000AE1A44 /* Layout */ = {
			isa = PBXGroup;
			children = (
				2CD0B11F22FB7E4300AE1A44 /* PhotoCustomLayout.swift */,
			);
			path = Layout;
			sourceTree = "<group>";
		};
		2CD0B11922FB7A8A00AE1A44 /* View */ = {
			isa = PBXGroup;
			children = (
				2CC18F7022F33D3C00DB7AFC /* Main.storyboard */,
				2CC18F7822F33D4D00DB7AFC /* LaunchScreen.storyboard */,
			);
			path = View;
			sourceTree = "<group>";
		};
		2CD0B11A22FB7AA500AE1A44 /* Controller */ = {
			isa = PBXGroup;
			children = (
				2C3BC45A22F4ABA400464512 /* PhotoCollectionViewController.swift */,
			);
			path = Controller;
			sourceTree = "<group>";
		};
		2CD0B11B22FB7AB800AE1A44 /* Model */ = {
			isa = PBXGroup;
			children = (
				2CA0C30E22F5D49B003735A7 /* Photo.swift */,
				2CA0C31222F5D80A003735A7 /* PhotoCell.swift */,
				2CC18F7322F33D3C00DB7AFC /* EQueoTest.xcdatamodeld */,
			);
			path = Model;
			sourceTree = "<group>";
		};
		2CD0B11C22FB7B3700AE1A44 /* Assets */ = {
			isa = PBXGroup;
			children = (
				2CC18F7622F33D4D00DB7AFC /* Assets.xcassets */,
			);
			path = Assets;
			sourceTree = "<group>";
		};
		2CD0B11E22FB7B5A00AE1A44 /* Networking */ = {
			isa = PBXGroup;
			children = (
				2CA0C31422F6F855003735A7 /* PhotoService.swift */,
			);
			path = Networking;
			sourceTree = "<group>";
		};
		77FD6543E95A83DBBAB2E41F /* Frameworks */ = {
			isa = PBXGroup;
			children = (
				7418A57A0EC9D7EFCF8C70A4 /* Pods_EQueoTest.framework */,
			);
			name = Frameworks;
			sourceTree = "<group>";
		};
		7C8C5F62171B8ED048030488 /* Pods */ = {
			isa = PBXGroup;
			children = (
				3065308CD2019C98AFBEA28D /* Pods-EQueoTest.debug.xcconfig */,
				060DD2C566C9CAA614224255 /* Pods-EQueoTest.release.xcconfig */,
			);
			path = Pods;
			sourceTree = "<group>";
		};
/* End PBXGroup section */

/* Begin PBXNativeTarget section */
		2CC18F6822F33D3C00DB7AFC /* EQueoTest */ = {
			isa = PBXNativeTarget;
			buildConfigurationList = 2CC18F7E22F33D4D00DB7AFC /* Build configuration list for PBXNativeTarget "EQueoTest" */;
			buildPhases = (
				E57C016F6F944179653C85D3 /* [CP] Check Pods Manifest.lock */,
				2CC18F6522F33D3C00DB7AFC /* Sources */,
				2CC18F6622F33D3C00DB7AFC /* Frameworks */,
				2CC18F6722F33D3C00DB7AFC /* Resources */,
				F05A71763C0E451E157D66CC /* [CP] Embed Pods Frameworks */,
			);
			buildRules = (
			);
			dependencies = (
			);
			name = EQueoTest;
			productName = EQueoTest;
			productReference = 2CC18F6922F33D3C00DB7AFC /* EQueoTest.app */;
			productType = "com.apple.product-type.application";
		};
/* End PBXNativeTarget section */

/* Begin PBXProject section */
		2CC18F6122F33D3C00DB7AFC /* Project object */ = {
			isa = PBXProject;
			attributes = {
				LastSwiftUpdateCheck = 1020;
				LastUpgradeCheck = 1020;
				ORGANIZATIONNAME = "Alexander Filippov";
				TargetAttributes = {
					2CC18F6822F33D3C00DB7AFC = {
						CreatedOnToolsVersion = 10.2.1;
					};
				};
			};
			buildConfigurationList = 2CC18F6422F33D3C00DB7AFC /* Build configuration list for PBXProject "EQueoTest" */;
			compatibilityVersion = "Xcode 9.3";
			developmentRegion = en;
			hasScannedForEncodings = 0;
			knownRegions = (
				en,
				Base,
			);
			mainGroup = 2CC18F6022F33D3B00DB7AFC;
			productRefGroup = 2CC18F6A22F33D3C00DB7AFC /* Products */;
			projectDirPath = "";
			projectRoot = "";
			targets = (
				2CC18F6822F33D3C00DB7AFC /* EQueoTest */,
			);
		};
/* End PBXProject section */

/* Begin PBXResourcesBuildPhase section */
		2CC18F6722F33D3C00DB7AFC /* Resources */ = {
			isa = PBXResourcesBuildPhase;
			buildActionMask = 2147483647;
			files = (
				2CC18F7A22F33D4D00DB7AFC /* LaunchScreen.storyboard in Resources */,
				2CC18F7722F33D4D00DB7AFC /* Assets.xcassets in Resources */,
				2CC18F7222F33D3C00DB7AFC /* Main.storyboard in Resources */,
			);
			runOnlyForDeploymentPostprocessing = 0;
		};
/* End PBXResourcesBuildPhase section */

/* Begin PBXShellScriptBuildPhase section */
		E57C016F6F944179653C85D3 /* [CP] Check Pods Manifest.lock */ = {
			isa = PBXShellScriptBuildPhase;
			buildActionMask = 2147483647;
			files = (
			);
			inputFileListPaths = (
			);
			inputPaths = (
				"${PODS_PODFILE_DIR_PATH}/Podfile.lock",
				"${PODS_ROOT}/Manifest.lock",
			);
			name = "[CP] Check Pods Manifest.lock";
			outputFileListPaths = (
			);
			outputPaths = (
				"$(DERIVED_FILE_DIR)/Pods-EQueoTest-checkManifestLockResult.txt",
			);
			runOnlyForDeploymentPostprocessing = 0;
			shellPath = /bin/sh;
			shellScript = "diff \"${PODS_PODFILE_DIR_PATH}/Podfile.lock\" \"${PODS_ROOT}/Manifest.lock\" > /dev/null\nif [ $? != 0 ] ; then\n    # print error to STDERR\n    echo \"error: The sandbox is not in sync with the Podfile.lock. Run 'pod install' or update your CocoaPods installation.\" >&2\n    exit 1\nfi\n# This output is used by Xcode 'outputs' to avoid re-running this script phase.\necho \"SUCCESS\" > \"${SCRIPT_OUTPUT_FILE_0}\"\n";
			showEnvVarsInLog = 0;
		};
		F05A71763C0E451E157D66CC /* [CP] Embed Pods Frameworks */ = {
			isa = PBXShellScriptBuildPhase;
			buildActionMask = 2147483647;
			files = (
			);
			inputFileListPaths = (
				"${PODS_ROOT}/Target Support Files/Pods-EQueoTest/Pods-EQueoTest-frameworks-${CONFIGURATION}-input-files.xcfilelist",
			);
			name = "[CP] Embed Pods Frameworks";
			outputFileListPaths = (
				"${PODS_ROOT}/Target Support Files/Pods-EQueoTest/Pods-EQueoTest-frameworks-${CONFIGURATION}-output-files.xcfilelist",
			);
			runOnlyForDeploymentPostprocessing = 0;
			shellPath = /bin/sh;
			shellScript = "\"${PODS_ROOT}/Target Support Files/Pods-EQueoTest/Pods-EQueoTest-frameworks.sh\"\n";
			showEnvVarsInLog = 0;
		};
/* End PBXShellScriptBuildPhase section */

/* Begin PBXSourcesBuildPhase section */
		2CC18F6522F33D3C00DB7AFC /* Sources */ = {
			isa = PBXSourcesBuildPhase;
			buildActionMask = 2147483647;
			files = (
				2CA0C30F22F5D49B003735A7 /* Photo.swift in Sources */,
				2CA0C31322F5D80A003735A7 /* PhotoCell.swift in Sources */,
				2CA0C31522F6F855003735A7 /* PhotoService.swift in Sources */,
				2CC18F7522F33D3C00DB7AFC /* EQueoTest.xcdatamodeld in Sources */,
				2C3BC45B22F4ABA400464512 /* PhotoCollectionViewController.swift in Sources */,
				2CD0B12022FB7E4300AE1A44 /* PhotoCustomLayout.swift in Sources */,
				2CC18F6D22F33D3C00DB7AFC /* AppDelegate.swift in Sources */,
			);
			runOnlyForDeploymentPostprocessing = 0;
		};
/* End PBXSourcesBuildPhase section */

/* Begin PBXVariantGroup section */
		2CC18F7022F33D3C00DB7AFC /* Main.storyboard */ = {
			isa = PBXVariantGroup;
			children = (
				2CC18F7122F33D3C00DB7AFC /* Base */,
			);
			name = Main.storyboard;
			sourceTree = "<group>";
		};
		2CC18F7822F33D4D00DB7AFC /* LaunchScreen.storyboard */ = {
			isa = PBXVariantGroup;
			children = (
				2CC18F7922F33D4D00DB7AFC /* Base */,
			);
			name = LaunchScreen.storyboard;
			sourceTree = "<group>";
		};
/* End PBXVariantGroup section */

/* Begin XCBuildConfiguration section */
		2CC18F7C22F33D4D00DB7AFC /* Debug */ = {
			isa = XCBuildConfiguration;
			buildSettings = {
				ALWAYS_SEARCH_USER_PATHS = NO;
				CLANG_ANALYZER_NONNULL = YES;
				CLANG_ANALYZER_NUMBER_OBJECT_CONVERSION = YES_AGGRESSIVE;
				CLANG_CXX_LANGUAGE_STANDARD = "gnu++14";
				CLANG_CXX_LIBRARY = "libc++";
				CLANG_ENABLE_MODULES = YES;
				CLANG_ENABLE_OBJC_ARC = YES;
				CLANG_ENABLE_OBJC_WEAK = YES;
				CLANG_WARN_BLOCK_CAPTURE_AUTORELEASING = YES;
				CLANG_WARN_BOOL_CONVERSION = YES;
				CLANG_WARN_COMMA = YES;
				CLANG_WARN_CONSTANT_CONVERSION = YES;
				CLANG_WARN_DEPRECATED_OBJC_IMPLEMENTATIONS = YES;
				CLANG_WARN_DIRECT_OBJC_ISA_USAGE = YES_ERROR;
				CLANG_WARN_DOCUMENTATION_COMMENTS = YES;
				CLANG_WARN_EMPTY_BODY = YES;
				CLANG_WARN_ENUM_CONVERSION = YES;
				CLANG_WARN_INFINITE_RECURSION = YES;
				CLANG_WARN_INT_CONVERSION = YES;
				CLANG_WARN_NON_LITERAL_NULL_CONVERSION = YES;
				CLANG_WARN_OBJC_IMPLICIT_RETAIN_SELF = YES;
				CLANG_WARN_OBJC_LITERAL_CONVERSION = YES;
				CLANG_WARN_OBJC_ROOT_CLASS = YES_ERROR;
				CLANG_WARN_RANGE_LOOP_ANALYSIS = YES;
				CLANG_WARN_STRICT_PROTOTYPES = YES;
				CLANG_WARN_SUSPICIOUS_MOVE = YES;
				CLANG_WARN_UNGUARDED_AVAILABILITY = YES_AGGRESSIVE;
				CLANG_WARN_UNREACHABLE_CODE = YES;
				CLANG_WARN__DUPLICATE_METHOD_MATCH = YES;
				CODE_SIGN_IDENTITY = "iPhone Developer";
				COPY_PHASE_STRIP = NO;
				DEBUG_INFORMATION_FORMAT = dwarf;
				ENABLE_STRICT_OBJC_MSGSEND = YES;
				ENABLE_TESTABILITY = YES;
				GCC_C_LANGUAGE_STANDARD = gnu11;
				GCC_DYNAMIC_NO_PIC = NO;
				GCC_NO_COMMON_BLOCKS = YES;
				GCC_OPTIMIZATION_LEVEL = 0;
				GCC_PREPROCESSOR_DEFINITIONS = (
					"DEBUG=1",
					"$(inherited)",
				);
				GCC_WARN_64_TO_32_BIT_CONVERSION = YES;
				GCC_WARN_ABOUT_RETURN_TYPE = YES_ERROR;
				GCC_WARN_UNDECLARED_SELECTOR = YES;
				GCC_WARN_UNINITIALIZED_AUTOS = YES_AGGRESSIVE;
				GCC_WARN_UNUSED_FUNCTION = YES;
				GCC_WARN_UNUSED_VARIABLE = YES;
				IPHONEOS_DEPLOYMENT_TARGET = 12.2;
				MTL_ENABLE_DEBUG_INFO = INCLUDE_SOURCE;
				MTL_FAST_MATH = YES;
				ONLY_ACTIVE_ARCH = YES;
				SDKROOT = iphoneos;
				SWIFT_ACTIVE_COMPILATION_CONDITIONS = DEBUG;
				SWIFT_OPTIMIZATION_LEVEL = "-Onone";
			};
			name = Debug;
		};
		2CC18F7D22F33D4D00DB7AFC /* Release */ = {
			isa = XCBuildConfiguration;
			buildSettings = {
				ALWAYS_SEARCH_USER_PATHS = NO;
				CLANG_ANALYZER_NONNULL = YES;
				CLANG_ANALYZER_NUMBER_OBJECT_CONVERSION = YES_AGGRESSIVE;
				CLANG_CXX_LANGUAGE_STANDARD = "gnu++14";
				CLANG_CXX_LIBRARY = "libc++";
				CLANG_ENABLE_MODULES = YES;
				CLANG_ENABLE_OBJC_ARC = YES;
				CLANG_ENABLE_OBJC_WEAK = YES;
				CLANG_WARN_BLOCK_CAPTURE_AUTORELEASING = YES;
				CLANG_WARN_BOOL_CONVERSION = YES;
				CLANG_WARN_COMMA = YES;
				CLANG_WARN_CONSTANT_CONVERSION = YES;
				CLANG_WARN_DEPRECATED_OBJC_IMPLEMENTATIONS = YES;
				CLANG_WARN_DIRECT_OBJC_ISA_USAGE = YES_ERROR;
				CLANG_WARN_DOCUMENTATION_COMMENTS = YES;
				CLANG_WARN_EMPTY_BODY = YES;
				CLANG_WARN_ENUM_CONVERSION = YES;
				CLANG_WARN_INFINITE_RECURSION = YES;
				CLANG_WARN_INT_CONVERSION = YES;
				CLANG_WARN_NON_LITERAL_NULL_CONVERSION = YES;
				CLANG_WARN_OBJC_IMPLICIT_RETAIN_SELF = YES;
				CLANG_WARN_OBJC_LITERAL_CONVERSION = YES;
				CLANG_WARN_OBJC_ROOT_CLASS = YES_ERROR;
				CLANG_WARN_RANGE_LOOP_ANALYSIS = YES;
				CLANG_WARN_STRICT_PROTOTYPES = YES;
				CLANG_WARN_SUSPICIOUS_MOVE = YES;
				CLANG_WARN_UNGUARDED_AVAILABILITY = YES_AGGRESSIVE;
				CLANG_WARN_UNREACHABLE_CODE = YES;
				CLANG_WARN__DUPLICATE_METHOD_MATCH = YES;
				CODE_SIGN_IDENTITY = "iPhone Developer";
				COPY_PHASE_STRIP = NO;
				DEBUG_INFORMATION_FORMAT = "dwarf-with-dsym";
				ENABLE_NS_ASSERTIONS = NO;
				ENABLE_STRICT_OBJC_MSGSEND = YES;
				GCC_C_LANGUAGE_STANDARD = gnu11;
				GCC_NO_COMMON_BLOCKS = YES;
				GCC_WARN_64_TO_32_BIT_CONVERSION = YES;
				GCC_WARN_ABOUT_RETURN_TYPE = YES_ERROR;
				GCC_WARN_UNDECLARED_SELECTOR = YES;
				GCC_WARN_UNINITIALIZED_AUTOS = YES_AGGRESSIVE;
				GCC_WARN_UNUSED_FUNCTION = YES;
				GCC_WARN_UNUSED_VARIABLE = YES;
				IPHONEOS_DEPLOYMENT_TARGET = 12.2;
				MTL_ENABLE_DEBUG_INFO = NO;
				MTL_FAST_MATH = YES;
				SDKROOT = iphoneos;
				SWIFT_COMPILATION_MODE = wholemodule;
				SWIFT_OPTIMIZATION_LEVEL = "-O";
				VALIDATE_PRODUCT = YES;
			};
			name = Release;
		};
		2CC18F7F22F33D4D00DB7AFC /* Debug */ = {
			isa = XCBuildConfiguration;
			baseConfigurationReference = 3065308CD2019C98AFBEA28D /* Pods-EQueoTest.debug.xcconfig */;
			buildSettings = {
				ASSETCATALOG_COMPILER_APPICON_NAME = AppIcon;
				CODE_SIGN_STYLE = Automatic;
				DEVELOPMENT_TEAM = K44PL886SA;
				INFOPLIST_FILE = EQueoTest/Info.plist;
				LD_RUNPATH_SEARCH_PATHS = (
					"$(inherited)",
					"@executable_path/Frameworks",
				);
				PRODUCT_BUNDLE_IDENTIFIER = philalex1964.EQueoTest;
				PRODUCT_NAME = "$(TARGET_NAME)";
				SWIFT_VERSION = 5.0;
				TARGETED_DEVICE_FAMILY = "1,2";
			};
			name = Debug;
		};
		2CC18F8022F33D4D00DB7AFC /* Release */ = {
			isa = XCBuildConfiguration;
			baseConfigurationReference = 060DD2C566C9CAA614224255 /* Pods-EQueoTest.release.xcconfig */;
			buildSettings = {
				ASSETCATALOG_COMPILER_APPICON_NAME = AppIcon;
				CODE_SIGN_STYLE = Automatic;
				DEVELOPMENT_TEAM = K44PL886SA;
				INFOPLIST_FILE = EQueoTest/Info.plist;
				LD_RUNPATH_SEARCH_PATHS = (
					"$(inherited)",
					"@executable_path/Frameworks",
				);
				PRODUCT_BUNDLE_IDENTIFIER = philalex1964.EQueoTest;
				PRODUCT_NAME = "$(TARGET_NAME)";
				SWIFT_VERSION = 5.0;
				TARGETED_DEVICE_FAMILY = "1,2";
			};
			name = Release;
		};
/* End XCBuildConfiguration section */

/* Begin XCConfigurationList section */
		2CC18F6422F33D3C00DB7AFC /* Build configuration list for PBXProject "EQueoTest" */ = {
			isa = XCConfigurationList;
			buildConfigurations = (
				2CC18F7C22F33D4D00DB7AFC /* Debug */,
				2CC18F7D22F33D4D00DB7AFC /* Release */,
			);
			defaultConfigurationIsVisible = 0;
			defaultConfigurationName = Release;
		};
		2CC18F7E22F33D4D00DB7AFC /* Build configuration list for PBXNativeTarget "EQueoTest" */ = {
			isa = XCConfigurationList;
			buildConfigurations = (
				2CC18F7F22F33D4D00DB7AFC /* Debug */,
				2CC18F8022F33D4D00DB7AFC /* Release */,
			);
			defaultConfigurationIsVisible = 0;
			defaultConfigurationName = Release;
		};
/* End XCConfigurationList section */

/* Begin XCVersionGroup section */
		2CC18F7322F33D3C00DB7AFC /* EQueoTest.xcdatamodeld */ = {
			isa = XCVersionGroup;
			children = (
				2CC18F7422F33D3C00DB7AFC /* EQueoTest.xcdatamodel */,
			);
			currentVersion = 2CC18F7422F33D3C00DB7AFC /* EQueoTest.xcdatamodel */;
			path = EQueoTest.xcdatamodeld;
			sourceTree = "<group>";
			versionGroupType = wrapper.xcdatamodel;
		};
/* End XCVersionGroup section */
	};
	rootObject = 2CC18F6122F33D3C00DB7AFC /* Project object */;
}
